<Solution>
  <Folder Name="/src/">
    <Project Path="src/NovaWallet.Api/NovaWallet.Api.csproj" />
  </Folder>
  <Folder Name="/tests/">
    <Project Path="tests/NovaWallet.UnitTests/NovaWallet.UnitTests.csproj" />
    <Project Path="tests/NovaWallet.IntegrationTests/NovaWallet.IntegrationTests.csproj" />
  </Folder>
</Solution>
